
Microsoft Visual Studio Solution File, Format Version 12.00
# Visual Studio Version 17
VisualStudioVersion = 17.8.34322.80
MinimumVisualStudioVersion = 10.0.40219.1
Project("{8BC9CEB8-8B4A-11D0-8D11-00A0C91BC942}") = "Project3", "Project3\Project3.vcxproj", "{DAF25EAE-517D-48D2-A843-53DE318D2029}"
EndProject
Global
	GlobalSection(SolutionConfigurationPlatforms) = preSolution
		Debug|x64 = Debug|x64
		Debug|x86 = Debug|x86
		Release|x64 = Release|x64
		Release|x86 = Release|x86
	EndGlobalSection
	GlobalSection(ProjectConfigurationPlatforms) = postSolution
		{DAF25EAE-517D-48D2-A843-53DE318D2029}.Debug|x64.ActiveCfg = Debug|x64
		{DAF25EAE-517D-48D2-A843-53DE318D2029}.Debug|x64.Build.0 = Debug|x64
		{DAF25EAE-517D-48D2-A843-53DE318D2029}.Debug|x86.ActiveCfg = Debug|Win32
		{DAF25EAE-517D-48D2-A843-53DE318D2029}.Debug|x86.Build.0 = Debug|Win32
		{DAF25EAE-517D-48D2-A843-53DE318D2029}.Release|x64.ActiveCfg = Release|x64
		{DAF25EAE-517D-48D2-A843-53DE318D2029}.Release|x64.Build.0 = Release|x64
		{DAF25EAE-517D-48D2-A843-53DE318D2029}.Release|x86.ActiveCfg = Release|Win32
		{DAF25EAE-517D-48D2-A843-53DE318D2029}.Release|x86.Build.0 = Release|Win32
	EndGlobalSection
	GlobalSection(SolutionProperties) = preSolution
		HideSolutionNode = FALSE
	EndGlobalSection
	GlobalSection(ExtensibilityGlobals) = postSolution
		SolutionGuid = {3CB74707-C16B-4F20-AA86-5AE0F5FBA474}
	EndGlobalSection
EndGlobal
